
Microsoft Visual Studio Solution File, Format Version 12.00
# Visual Studio Version 17
VisualStudioVersion = 17.5.002.0
MinimumVisualStudioVersion = 10.0.40219.1
Project("{9A19103F-16F7-4668-BE54-9A1E7A4F7556}") = "TrilhaApiDesafio", "TrilhaApiDesafio.csproj", "{DBE4D8C9-1102-40A9-8878-5545472CCBC1}"
EndProject
Global
	GlobalSection(SolutionConfigurationPlatforms) = preSolution
		Debug|Any CPU = Debug|Any CPU
		Release|Any CPU = Release|Any CPU
	EndGlobalSection
	GlobalSection(ProjectConfigurationPlatforms) = postSolution
		{DBE4D8C9-1102-40A9-8878-5545472CCBC1}.Debug|Any CPU.ActiveCfg = Debug|Any CPU
		{DBE4D8C9-1102-40A9-8878-5545472CCBC1}.Debug|Any CPU.Build.0 = Debug|Any CPU
		{DBE4D8C9-1102-40A9-8878-5545472CCBC1}.Release|Any CPU.ActiveCfg = Release|Any CPU
		{DBE4D8C9-1102-40A9-8878-5545472CCBC1}.Release|Any CPU.Build.0 = Release|Any CPU
	EndGlobalSection
	GlobalSection(SolutionProperties) = preSolution
		HideSolutionNode = FALSE
	EndGlobalSection
	GlobalSection(ExtensibilityGlobals) = postSolution
		SolutionGuid = {40A20D39-D84C-4684-8D3D-2C8B2AEFA0B1}
	EndGlobalSection
EndGlobal
